
Microsoft Visual Studio Solution File, Format Version 12.00
# Visual Studio 2012
Project("{FAE04EC0-301F-11D3-BF4B-00C04F79EFBC}") = "ProyectoCRM", "ProyectoCRM\ProyectoCRM.csproj", "{2DBD0B8D-B5DB-4A53-A444-595842B9E771}"
EndProject
Project("{FAE04EC0-301F-11D3-BF4B-00C04F79EFBC}") = "ProyectoCRM.Droid", "Droid\ProyectoCRM.Droid.csproj", "{2B17F529-A5F0-4096-8B0E-FA0FB4CB3D6B}"
EndProject
Project("{FAE04EC0-301F-11D3-BF4B-00C04F79EFBC}") = "ProyectoCRM.iOS", "iOS\ProyectoCRM.iOS.csproj", "{CB6662BD-9F22-4A77-9C45-98169CA770DB}"
EndProject
Global
	GlobalSection(SolutionConfigurationPlatforms) = preSolution
		Debug|Any CPU = Debug|Any CPU
		Release|Any CPU = Release|Any CPU
		Debug|iPhoneSimulator = Debug|iPhoneSimulator
		Release|iPhone = Release|iPhone
		Release|iPhoneSimulator = Release|iPhoneSimulator
		Debug|iPhone = Debug|iPhone
	EndGlobalSection
	GlobalSection(ProjectConfigurationPlatforms) = postSolution
		{2DBD0B8D-B5DB-4A53-A444-595842B9E771}.Debug|Any CPU.ActiveCfg = Debug|Any CPU
		{2DBD0B8D-B5DB-4A53-A444-595842B9E771}.Debug|Any CPU.Build.0 = Debug|Any CPU
		{2DBD0B8D-B5DB-4A53-A444-595842B9E771}.Release|Any CPU.ActiveCfg = Release|Any CPU
		{2DBD0B8D-B5DB-4A53-A444-595842B9E771}.Release|Any CPU.Build.0 = Release|Any CPU
		{2DBD0B8D-B5DB-4A53-A444-595842B9E771}.Debug|iPhoneSimulator.ActiveCfg = Debug|Any CPU
		{2DBD0B8D-B5DB-4A53-A444-595842B9E771}.Debug|iPhoneSimulator.Build.0 = Debug|Any CPU
		{2DBD0B8D-B5DB-4A53-A444-595842B9E771}.Release|iPhone.ActiveCfg = Release|Any CPU
		{2DBD0B8D-B5DB-4A53-A444-595842B9E771}.Release|iPhone.Build.0 = Release|Any CPU
		{2DBD0B8D-B5DB-4A53-A444-595842B9E771}.Release|iPhoneSimulator.ActiveCfg = Release|Any CPU
		{2DBD0B8D-B5DB-4A53-A444-595842B9E771}.Release|iPhoneSimulator.Build.0 = Release|Any CPU
		{2DBD0B8D-B5DB-4A53-A444-595842B9E771}.Debug|iPhone.ActiveCfg = Debug|Any CPU
		{2DBD0B8D-B5DB-4A53-A444-595842B9E771}.Debug|iPhone.Build.0 = Debug|Any CPU
		{2B17F529-A5F0-4096-8B0E-FA0FB4CB3D6B}.Debug|Any CPU.ActiveCfg = Debug|Any CPU
		{2B17F529-A5F0-4096-8B0E-FA0FB4CB3D6B}.Debug|Any CPU.Build.0 = Debug|Any CPU
		{2B17F529-A5F0-4096-8B0E-FA0FB4CB3D6B}.Release|Any CPU.ActiveCfg = Release|Any CPU
		{2B17F529-A5F0-4096-8B0E-FA0FB4CB3D6B}.Release|Any CPU.Build.0 = Release|Any CPU
		{2B17F529-A5F0-4096-8B0E-FA0FB4CB3D6B}.Debug|iPhoneSimulator.ActiveCfg = Debug|Any CPU
		{2B17F529-A5F0-4096-8B0E-FA0FB4CB3D6B}.Debug|iPhoneSimulator.Build.0 = Debug|Any CPU
		{2B17F529-A5F0-4096-8B0E-FA0FB4CB3D6B}.Release|iPhone.ActiveCfg = Release|Any CPU
		{2B17F529-A5F0-4096-8B0E-FA0FB4CB3D6B}.Release|iPhone.Build.0 = Release|Any CPU
		{2B17F529-A5F0-4096-8B0E-FA0FB4CB3D6B}.Release|iPhoneSimulator.ActiveCfg = Release|Any CPU
		{2B17F529-A5F0-4096-8B0E-FA0FB4CB3D6B}.Release|iPhoneSimulator.Build.0 = Release|Any CPU
		{2B17F529-A5F0-4096-8B0E-FA0FB4CB3D6B}.Debug|iPhone.ActiveCfg = Debug|Any CPU
		{2B17F529-A5F0-4096-8B0E-FA0FB4CB3D6B}.Debug|iPhone.Build.0 = Debug|Any CPU
		{CB6662BD-9F22-4A77-9C45-98169CA770DB}.Debug|Any CPU.ActiveCfg = Debug|iPhoneSimulator
		{CB6662BD-9F22-4A77-9C45-98169CA770DB}.Debug|Any CPU.Build.0 = Debug|iPhoneSimulator
		{CB6662BD-9F22-4A77-9C45-98169CA770DB}.Release|Any CPU.ActiveCfg = Release|iPhone
		{CB6662BD-9F22-4A77-9C45-98169CA770DB}.Release|Any CPU.Build.0 = Release|iPhone
		{CB6662BD-9F22-4A77-9C45-98169CA770DB}.Debug|iPhoneSimulator.ActiveCfg = Debug|iPhoneSimulator
		{CB6662BD-9F22-4A77-9C45-98169CA770DB}.Debug|iPhoneSimulator.Build.0 = Debug|iPhoneSimulator
		{CB6662BD-9F22-4A77-9C45-98169CA770DB}.Release|iPhone.ActiveCfg = Release|iPhone
		{CB6662BD-9F22-4A77-9C45-98169CA770DB}.Release|iPhone.Build.0 = Release|iPhone
		{CB6662BD-9F22-4A77-9C45-98169CA770DB}.Release|iPhoneSimulator.ActiveCfg = Release|iPhoneSimulator
		{CB6662BD-9F22-4A77-9C45-98169CA770DB}.Release|iPhoneSimulator.Build.0 = Release|iPhoneSimulator
		{CB6662BD-9F22-4A77-9C45-98169CA770DB}.Debug|iPhone.ActiveCfg = Debug|iPhone
		{CB6662BD-9F22-4A77-9C45-98169CA770DB}.Debug|iPhone.Build.0 = Debug|iPhone
	EndGlobalSection
EndGlobal
